
Microsoft Visual Studio Solution File, Format Version 12.00
# Visual Studio Version 17
VisualStudioVersion = 17.10.35013.160
MinimumVisualStudioVersion = 10.0.40219.1
Project("{9A19103F-16F7-4668-BE54-9A1E7A4F7556}") = "FileCompareProject", "FileCompareProject.csproj", "{76FBB15D-3072-4C43-BB29-395CA37DD5BE}"
EndProject
Global
	GlobalSection(SolutionConfigurationPlatforms) = preSolution
		Debug|Any CPU = Debug|Any CPU
		Release|Any CPU = Release|Any CPU
	EndGlobalSection
	GlobalSection(ProjectConfigurationPlatforms) = postSolution
		{76FBB15D-3072-4C43-BB29-395CA37DD5BE}.Debug|Any CPU.ActiveCfg = Debug|Any CPU
		{76FBB15D-3072-4C43-BB29-395CA37DD5BE}.Debug|Any CPU.Build.0 = Debug|Any CPU
		{76FBB15D-3072-4C43-BB29-395CA37DD5BE}.Release|Any CPU.ActiveCfg = Release|Any CPU
		{76FBB15D-3072-4C43-BB29-395CA37DD5BE}.Release|Any CPU.Build.0 = Release|Any CPU
	EndGlobalSection
	GlobalSection(SolutionProperties) = preSolution
		HideSolutionNode = FALSE
	EndGlobalSection
	GlobalSection(ExtensibilityGlobals) = postSolution
		SolutionGuid = {BDA825D6-4F42-4377-9A5B-E57917879D78}
	EndGlobalSection
EndGlobal
